
Microsoft Visual Studio Solution File, Format Version 12.00
# Visual Studio Version 16
VisualStudioVersion = 16.0.30709.132
MinimumVisualStudioVersion = 10.0.40219.1
Project("{8BC9CEB8-8B4A-11D0-8D11-00A0C91BC942}") = "ProjectEuler001", "ProjectEuler\ProjectEuler.vcxproj", "{5B66E9AA-7A64-41F7-8E10-F34178D06BD3}"
EndProject
Project("{8BC9CEB8-8B4A-11D0-8D11-00A0C91BC942}") = "ProjectEuler002", "ProjectEuler002\ProjectEuler002.vcxproj", "{F1FDB0F3-C365-47FF-A30C-ECAA76A3CE91}"
EndProject
Project("{8BC9CEB8-8B4A-11D0-8D11-00A0C91BC942}") = "ProjectEuler003", "ProjectEuler003\ProjectEuler003.vcxproj", "{1CB59B8A-F5B0-4F35-BB4F-533B37B37704}"
EndProject
Project("{8BC9CEB8-8B4A-11D0-8D11-00A0C91BC942}") = "ProjectEuler007", "ProjectEuler007\ProjectEuler007.vcxproj", "{2680CAE7-1BDB-4F8C-A8CB-6B957D0392C3}"
EndProject
Project("{8BC9CEB8-8B4A-11D0-8D11-00A0C91BC942}") = "ProjectEuler004", "ProjectEuler004\ProjectEuler004.vcxproj", "{6542C998-0056-49B8-8AB8-A587E5222A7C}"
EndProject
Project("{8BC9CEB8-8B4A-11D0-8D11-00A0C91BC942}") = "ProjectEuler005", "ProjectEuler005\ProjectEuler005.vcxproj", "{01440E75-87AD-4A88-B382-85263682E00E}"
EndProject
Project("{8BC9CEB8-8B4A-11D0-8D11-00A0C91BC942}") = "ProjectEuler006", "ProjectEuler006\ProjectEuler006.vcxproj", "{F842287F-7F65-4DA1-A97E-5FCD665642CD}"
EndProject
Project("{8BC9CEB8-8B4A-11D0-8D11-00A0C91BC942}") = "ProjectEuler008", "ProjectEuler008\ProjectEuler008.vcxproj", "{3FBC0656-F3C4-426E-95F9-D6A4305B30AC}"
EndProject
Project("{8BC9CEB8-8B4A-11D0-8D11-00A0C91BC942}") = "ProjectEuler009", "ProjectEuler009\ProjectEuler009.vcxproj", "{531CB1F4-F0C9-45BD-86EF-49D345BE3E63}"
EndProject
Project("{8BC9CEB8-8B4A-11D0-8D11-00A0C91BC942}") = "ProjectEuler010", "ProjectEuler010\ProjectEuler010.vcxproj", "{3345145D-5FF4-4A69-8103-706B63AC2C60}"
EndProject
Project("{8BC9CEB8-8B4A-11D0-8D11-00A0C91BC942}") = "ProjectEuler011", "ProjectEuler011\ProjectEuler011.vcxproj", "{5A2718F8-3515-4129-BF7F-6C94E921CCA6}"
EndProject
Project("{8BC9CEB8-8B4A-11D0-8D11-00A0C91BC942}") = "ProjectEuler012", "ProjectEuler012\ProjectEuler012.vcxproj", "{EC9652F9-251C-4172-BA31-3805E57CDCC9}"
EndProject
Project("{8BC9CEB8-8B4A-11D0-8D11-00A0C91BC942}") = "ProjectEuler013", "ProjectEuler013\ProjectEuler013.vcxproj", "{868C1222-288A-4496-9D0B-D219B0B860FA}"
EndProject
Project("{8BC9CEB8-8B4A-11D0-8D11-00A0C91BC942}") = "ProjectEuler014", "ProjectEuler014\ProjectEuler014.vcxproj", "{53860183-013A-4704-BBAD-6819F4B54D21}"
EndProject
Project("{8BC9CEB8-8B4A-11D0-8D11-00A0C91BC942}") = "ProjectEuler015", "ProjectEuler015\ProjectEuler015.vcxproj", "{CC475B88-519A-45F6-8474-BE551CD58799}"
EndProject
Project("{8BC9CEB8-8B4A-11D0-8D11-00A0C91BC942}") = "ProjectEuler016", "ProjectEuler016\ProjectEuler016.vcxproj", "{24A22EC8-5901-42E8-B40F-9D420E3A71F7}"
EndProject
Project("{8BC9CEB8-8B4A-11D0-8D11-00A0C91BC942}") = "ProjectEuler017", "ProjectEuler017\ProjectEuler017.vcxproj", "{597C797E-6297-4331-905F-4F7B7B4E887C}"
EndProject
Project("{8BC9CEB8-8B4A-11D0-8D11-00A0C91BC942}") = "ProjectEuler018", "ProjectEuler018\ProjectEuler018.vcxproj", "{A33E1FEA-0143-4548-AF54-320A96DB78F6}"
EndProject
Project("{8BC9CEB8-8B4A-11D0-8D11-00A0C91BC942}") = "ProjectEuler019", "ProjectEuler019\ProjectEuler019.vcxproj", "{D32C861B-B878-4969-96C7-0A601943B7FA}"
EndProject
Global
	GlobalSection(SolutionConfigurationPlatforms) = preSolution
		Debug|x64 = Debug|x64
		Debug|x86 = Debug|x86
		Release|x64 = Release|x64
		Release|x86 = Release|x86
	EndGlobalSection
	GlobalSection(ProjectConfigurationPlatforms) = postSolution
		{5B66E9AA-7A64-41F7-8E10-F34178D06BD3}.Debug|x64.ActiveCfg = Debug|x64
		{5B66E9AA-7A64-41F7-8E10-F34178D06BD3}.Debug|x64.Build.0 = Debug|x64
		{5B66E9AA-7A64-41F7-8E10-F34178D06BD3}.Debug|x86.ActiveCfg = Debug|Win32
		{5B66E9AA-7A64-41F7-8E10-F34178D06BD3}.Debug|x86.Build.0 = Debug|Win32
		{5B66E9AA-7A64-41F7-8E10-F34178D06BD3}.Release|x64.ActiveCfg = Release|x64
		{5B66E9AA-7A64-41F7-8E10-F34178D06BD3}.Release|x64.Build.0 = Release|x64
		{5B66E9AA-7A64-41F7-8E10-F34178D06BD3}.Release|x86.ActiveCfg = Release|Win32
		{5B66E9AA-7A64-41F7-8E10-F34178D06BD3}.Release|x86.Build.0 = Release|Win32
		{F1FDB0F3-C365-47FF-A30C-ECAA76A3CE91}.Debug|x64.ActiveCfg = Debug|x64
		{F1FDB0F3-C365-47FF-A30C-ECAA76A3CE91}.Debug|x64.Build.0 = Debug|x64
		{F1FDB0F3-C365-47FF-A30C-ECAA76A3CE91}.Debug|x86.ActiveCfg = Debug|Win32
		{F1FDB0F3-C365-47FF-A30C-ECAA76A3CE91}.Debug|x86.Build.0 = Debug|Win32
		{F1FDB0F3-C365-47FF-A30C-ECAA76A3CE91}.Release|x64.ActiveCfg = Release|x64
		{F1FDB0F3-C365-47FF-A30C-ECAA76A3CE91}.Release|x64.Build.0 = Release|x64
		{F1FDB0F3-C365-47FF-A30C-ECAA76A3CE91}.Release|x86.ActiveCfg = Release|Win32
		{F1FDB0F3-C365-47FF-A30C-ECAA76A3CE91}.Release|x86.Build.0 = Release|Win32
		{1CB59B8A-F5B0-4F35-BB4F-533B37B37704}.Debug|x64.ActiveCfg = Debug|x64
		{1CB59B8A-F5B0-4F35-BB4F-533B37B37704}.Debug|x64.Build.0 = Debug|x64
		{1CB59B8A-F5B0-4F35-BB4F-533B37B37704}.Debug|x86.ActiveCfg = Debug|Win32
		{1CB59B8A-F5B0-4F35-BB4F-533B37B37704}.Debug|x86.Build.0 = Debug|Win32
		{1CB59B8A-F5B0-4F35-BB4F-533B37B37704}.Release|x64.ActiveCfg = Release|x64
		{1CB59B8A-F5B0-4F35-BB4F-533B37B37704}.Release|x64.Build.0 = Release|x64
		{1CB59B8A-F5B0-4F35-BB4F-533B37B37704}.Release|x86.ActiveCfg = Release|Win32
		{1CB59B8A-F5B0-4F35-BB4F-533B37B37704}.Release|x86.Build.0 = Release|Win32
		{2680CAE7-1BDB-4F8C-A8CB-6B957D0392C3}.Debug|x64.ActiveCfg = Debug|x64
		{2680CAE7-1BDB-4F8C-A8CB-6B957D0392C3}.Debug|x64.Build.0 = Debug|x64
		{2680CAE7-1BDB-4F8C-A8CB-6B957D0392C3}.Debug|x86.ActiveCfg = Debug|Win32
		{2680CAE7-1BDB-4F8C-A8CB-6B957D0392C3}.Debug|x86.Build.0 = Debug|Win32
		{2680CAE7-1BDB-4F8C-A8CB-6B957D0392C3}.Release|x64.ActiveCfg = Release|x64
		{2680CAE7-1BDB-4F8C-A8CB-6B957D0392C3}.Release|x64.Build.0 = Release|x64
		{2680CAE7-1BDB-4F8C-A8CB-6B957D0392C3}.Release|x86.ActiveCfg = Release|Win32
		{2680CAE7-1BDB-4F8C-A8CB-6B957D0392C3}.Release|x86.Build.0 = Release|Win32
		{6542C998-0056-49B8-8AB8-A587E5222A7C}.Debug|x64.ActiveCfg = Debug|x64
		{6542C998-0056-49B8-8AB8-A587E5222A7C}.Debug|x64.Build.0 = Debug|x64
		{6542C998-0056-49B8-8AB8-A587E5222A7C}.Debug|x86.ActiveCfg = Debug|Win32
		{6542C998-0056-49B8-8AB8-A587E5222A7C}.Debug|x86.Build.0 = Debug|Win32
		{6542C998-0056-49B8-8AB8-A587E5222A7C}.Release|x64.ActiveCfg = Release|x64
		{6542C998-0056-49B8-8AB8-A587E5222A7C}.Release|x64.Build.0 = Release|x64
		{6542C998-0056-49B8-8AB8-A587E5222A7C}.Release|x86.ActiveCfg = Release|Win32
		{6542C998-0056-49B8-8AB8-A587E5222A7C}.Release|x86.Build.0 = Release|Win32
		{01440E75-87AD-4A88-B382-85263682E00E}.Debug|x64.ActiveCfg = Debug|x64
		{01440E75-87AD-4A88-B382-85263682E00E}.Debug|x64.Build.0 = Debug|x64
		{01440E75-87AD-4A88-B382-85263682E00E}.Debug|x86.ActiveCfg = Debug|Win32
		{01440E75-87AD-4A88-B382-85263682E00E}.Debug|x86.Build.0 = Debug|Win32
		{01440E75-87AD-4A88-B382-85263682E00E}.Release|x64.ActiveCfg = Release|x64
		{01440E75-87AD-4A88-B382-85263682E00E}.Release|x64.Build.0 = Release|x64
		{01440E75-87AD-4A88-B382-85263682E00E}.Release|x86.ActiveCfg = Release|Win32
		{01440E75-87AD-4A88-B382-85263682E00E}.Release|x86.Build.0 = Release|Win32
		{F842287F-7F65-4DA1-A97E-5FCD665642CD}.Debug|x64.ActiveCfg = Debug|x64
		{F842287F-7F65-4DA1-A97E-5FCD665642CD}.Debug|x64.Build.0 = Debug|x64
		{F842287F-7F65-4DA1-A97E-5FCD665642CD}.Debug|x86.ActiveCfg = Debug|Win32
		{F842287F-7F65-4DA1-A97E-5FCD665642CD}.Debug|x86.Build.0 = Debug|Win32
		{F842287F-7F65-4DA1-A97E-5FCD665642CD}.Release|x64.ActiveCfg = Release|x64
		{F842287F-7F65-4DA1-A97E-5FCD665642CD}.Release|x64.Build.0 = Release|x64
		{F842287F-7F65-4DA1-A97E-5FCD665642CD}.Release|x86.ActiveCfg = Release|Win32
		{F842287F-7F65-4DA1-A97E-5FCD665642CD}.Release|x86.Build.0 = Release|Win32
		{3FBC0656-F3C4-426E-95F9-D6A4305B30AC}.Debug|x64.ActiveCfg = Debug|x64
		{3FBC0656-F3C4-426E-95F9-D6A4305B30AC}.Debug|x64.Build.0 = Debug|x64
		{3FBC0656-F3C4-426E-95F9-D6A4305B30AC}.Debug|x86.ActiveCfg = Debug|Win32
		{3FBC0656-F3C4-426E-95F9-D6A4305B30AC}.Debug|x86.Build.0 = Debug|Win32
		{3FBC0656-F3C4-426E-95F9-D6A4305B30AC}.Release|x64.ActiveCfg = Release|x64
		{3FBC0656-F3C4-426E-95F9-D6A4305B30AC}.Release|x64.Build.0 = Release|x64
		{3FBC0656-F3C4-426E-95F9-D6A4305B30AC}.Release|x86.ActiveCfg = Release|Win32
		{3FBC0656-F3C4-426E-95F9-D6A4305B30AC}.Release|x86.Build.0 = Release|Win32
		{531CB1F4-F0C9-45BD-86EF-49D345BE3E63}.Debug|x64.ActiveCfg = Debug|x64
		{531CB1F4-F0C9-45BD-86EF-49D345BE3E63}.Debug|x64.Build.0 = Debug|x64
		{531CB1F4-F0C9-45BD-86EF-49D345BE3E63}.Debug|x86.ActiveCfg = Debug|Win32
		{531CB1F4-F0C9-45BD-86EF-49D345BE3E63}.Debug|x86.Build.0 = Debug|Win32
		{531CB1F4-F0C9-45BD-86EF-49D345BE3E63}.Release|x64.ActiveCfg = Release|x64
		{531CB1F4-F0C9-45BD-86EF-49D345BE3E63}.Release|x64.Build.0 = Release|x64
		{531CB1F4-F0C9-45BD-86EF-49D345BE3E63}.Release|x86.ActiveCfg = Release|Win32
		{531CB1F4-F0C9-45BD-86EF-49D345BE3E63}.Release|x86.Build.0 = Release|Win32
		{3345145D-5FF4-4A69-8103-706B63AC2C60}.Debug|x64.ActiveCfg = Debug|x64
		{3345145D-5FF4-4A69-8103-706B63AC2C60}.Debug|x64.Build.0 = Debug|x64
		{3345145D-5FF4-4A69-8103-706B63AC2C60}.Debug|x86.ActiveCfg = Debug|Win32
		{3345145D-5FF4-4A69-8103-706B63AC2C60}.Debug|x86.Build.0 = Debug|Win32
		{3345145D-5FF4-4A69-8103-706B63AC2C60}.Release|x64.ActiveCfg = Release|x64
		{3345145D-5FF4-4A69-8103-706B63AC2C60}.Release|x64.Build.0 = Release|x64
		{3345145D-5FF4-4A69-8103-706B63AC2C60}.Release|x86.ActiveCfg = Release|Win32
		{3345145D-5FF4-4A69-8103-706B63AC2C60}.Release|x86.Build.0 = Release|Win32
		{5A2718F8-3515-4129-BF7F-6C94E921CCA6}.Debug|x64.ActiveCfg = Debug|x64
		{5A2718F8-3515-4129-BF7F-6C94E921CCA6}.Debug|x64.Build.0 = Debug|x64
		{5A2718F8-3515-4129-BF7F-6C94E921CCA6}.Debug|x86.ActiveCfg = Debug|Win32
		{5A2718F8-3515-4129-BF7F-6C94E921CCA6}.Debug|x86.Build.0 = Debug|Win32
		{5A2718F8-3515-4129-BF7F-6C94E921CCA6}.Release|x64.ActiveCfg = Release|x64
		{5A2718F8-3515-4129-BF7F-6C94E921CCA6}.Release|x64.Build.0 = Release|x64
		{5A2718F8-3515-4129-BF7F-6C94E921CCA6}.Release|x86.ActiveCfg = Release|Win32
		{5A2718F8-3515-4129-BF7F-6C94E921CCA6}.Release|x86.Build.0 = Release|Win32
		{EC9652F9-251C-4172-BA31-3805E57CDCC9}.Debug|x64.ActiveCfg = Debug|x64
		{EC9652F9-251C-4172-BA31-3805E57CDCC9}.Debug|x64.Build.0 = Debug|x64
		{EC9652F9-251C-4172-BA31-3805E57CDCC9}.Debug|x86.ActiveCfg = Debug|Win32
		{EC9652F9-251C-4172-BA31-3805E57CDCC9}.Debug|x86.Build.0 = Debug|Win32
		{EC9652F9-251C-4172-BA31-3805E57CDCC9}.Release|x64.ActiveCfg = Release|x64
		{EC9652F9-251C-4172-BA31-3805E57CDCC9}.Release|x64.Build.0 = Release|x64
		{EC9652F9-251C-4172-BA31-3805E57CDCC9}.Release|x86.ActiveCfg = Release|Win32
		{EC9652F9-251C-4172-BA31-3805E57CDCC9}.Release|x86.Build.0 = Release|Win32
		{868C1222-288A-4496-9D0B-D219B0B860FA}.Debug|x64.ActiveCfg = Debug|x64
		{868C1222-288A-4496-9D0B-D219B0B860FA}.Debug|x64.Build.0 = Debug|x64
		{868C1222-288A-4496-9D0B-D219B0B860FA}.Debug|x86.ActiveCfg = Debug|Win32
		{868C1222-288A-4496-9D0B-D219B0B860FA}.Debug|x86.Build.0 = Debug|Win32
		{868C1222-288A-4496-9D0B-D219B0B860FA}.Release|x64.ActiveCfg = Release|x64
		{868C1222-288A-4496-9D0B-D219B0B860FA}.Release|x64.Build.0 = Release|x64
		{868C1222-288A-4496-9D0B-D219B0B860FA}.Release|x86.ActiveCfg = Release|Win32
		{868C1222-288A-4496-9D0B-D219B0B860FA}.Release|x86.Build.0 = Release|Win32
		{53860183-013A-4704-BBAD-6819F4B54D21}.Debug|x64.ActiveCfg = Debug|x64
		{53860183-013A-4704-BBAD-6819F4B54D21}.Debug|x64.Build.0 = Debug|x64
		{53860183-013A-4704-BBAD-6819F4B54D21}.Debug|x86.ActiveCfg = Debug|Win32
		{53860183-013A-4704-BBAD-6819F4B54D21}.Debug|x86.Build.0 = Debug|Win32
		{53860183-013A-4704-BBAD-6819F4B54D21}.Release|x64.ActiveCfg = Release|x64
		{53860183-013A-4704-BBAD-6819F4B54D21}.Release|x64.Build.0 = Release|x64
		{53860183-013A-4704-BBAD-6819F4B54D21}.Release|x86.ActiveCfg = Release|Win32
		{53860183-013A-4704-BBAD-6819F4B54D21}.Release|x86.Build.0 = Release|Win32
		{CC475B88-519A-45F6-8474-BE551CD58799}.Debug|x64.ActiveCfg = Debug|x64
		{CC475B88-519A-45F6-8474-BE551CD58799}.Debug|x64.Build.0 = Debug|x64
		{CC475B88-519A-45F6-8474-BE551CD58799}.Debug|x86.ActiveCfg = Debug|Win32
		{CC475B88-519A-45F6-8474-BE551CD58799}.Debug|x86.Build.0 = Debug|Win32
		{CC475B88-519A-45F6-8474-BE551CD58799}.Release|x64.ActiveCfg = Release|x64
		{CC475B88-519A-45F6-8474-BE551CD58799}.Release|x64.Build.0 = Release|x64
		{CC475B88-519A-45F6-8474-BE551CD58799}.Release|x86.ActiveCfg = Release|Win32
		{CC475B88-519A-45F6-8474-BE551CD58799}.Release|x86.Build.0 = Release|Win32
		{24A22EC8-5901-42E8-B40F-9D420E3A71F7}.Debug|x64.ActiveCfg = Debug|x64
		{24A22EC8-5901-42E8-B40F-9D420E3A71F7}.Debug|x64.Build.0 = Debug|x64
		{24A22EC8-5901-42E8-B40F-9D420E3A71F7}.Debug|x86.ActiveCfg = Debug|Win32
		{24A22EC8-5901-42E8-B40F-9D420E3A71F7}.Debug|x86.Build.0 = Debug|Win32
		{24A22EC8-5901-42E8-B40F-9D420E3A71F7}.Release|x64.ActiveCfg = Release|x64
		{24A22EC8-5901-42E8-B40F-9D420E3A71F7}.Release|x64.Build.0 = Release|x64
		{24A22EC8-5901-42E8-B40F-9D420E3A71F7}.Release|x86.ActiveCfg = Release|Win32
		{24A22EC8-5901-42E8-B40F-9D420E3A71F7}.Release|x86.Build.0 = Release|Win32
		{597C797E-6297-4331-905F-4F7B7B4E887C}.Debug|x64.ActiveCfg = Debug|x64
		{597C797E-6297-4331-905F-4F7B7B4E887C}.Debug|x64.Build.0 = Debug|x64
		{597C797E-6297-4331-905F-4F7B7B4E887C}.Debug|x86.ActiveCfg = Debug|Win32
		{597C797E-6297-4331-905F-4F7B7B4E887C}.Debug|x86.Build.0 = Debug|Win32
		{597C797E-6297-4331-905F-4F7B7B4E887C}.Release|x64.ActiveCfg = Release|x64
		{597C797E-6297-4331-905F-4F7B7B4E887C}.Release|x64.Build.0 = Release|x64
		{597C797E-6297-4331-905F-4F7B7B4E887C}.Release|x86.ActiveCfg = Release|Win32
		{597C797E-6297-4331-905F-4F7B7B4E887C}.Release|x86.Build.0 = Release|Win32
		{A33E1FEA-0143-4548-AF54-320A96DB78F6}.Debug|x64.ActiveCfg = Debug|x64
		{A33E1FEA-0143-4548-AF54-320A96DB78F6}.Debug|x64.Build.0 = Debug|x64
		{A33E1FEA-0143-4548-AF54-320A96DB78F6}.Debug|x86.ActiveCfg = Debug|Win32
		{A33E1FEA-0143-4548-AF54-320A96DB78F6}.Debug|x86.Build.0 = Debug|Win32
		{A33E1FEA-0143-4548-AF54-320A96DB78F6}.Release|x64.ActiveCfg = Release|x64
		{A33E1FEA-0143-4548-AF54-320A96DB78F6}.Release|x64.Build.0 = Release|x64
		{A33E1FEA-0143-4548-AF54-320A96DB78F6}.Release|x86.ActiveCfg = Release|Win32
		{A33E1FEA-0143-4548-AF54-320A96DB78F6}.Release|x86.Build.0 = Release|Win32
		{D32C861B-B878-4969-96C7-0A601943B7FA}.Debug|x64.ActiveCfg = Debug|x64
		{D32C861B-B878-4969-96C7-0A601943B7FA}.Debug|x64.Build.0 = Debug|x64
		{D32C861B-B878-4969-96C7-0A601943B7FA}.Debug|x86.ActiveCfg = Debug|Win32
		{D32C861B-B878-4969-96C7-0A601943B7FA}.Debug|x86.Build.0 = Debug|Win32
		{D32C861B-B878-4969-96C7-0A601943B7FA}.Release|x64.ActiveCfg = Release|x64
		{D32C861B-B878-4969-96C7-0A601943B7FA}.Release|x64.Build.0 = Release|x64
		{D32C861B-B878-4969-96C7-0A601943B7FA}.Release|x86.ActiveCfg = Release|Win32
		{D32C861B-B878-4969-96C7-0A601943B7FA}.Release|x86.Build.0 = Release|Win32
	EndGlobalSection
	GlobalSection(SolutionProperties) = preSolution
		HideSolutionNode = FALSE
	EndGlobalSection
	GlobalSection(ExtensibilityGlobals) = postSolution
		SolutionGuid = {B9F51F40-98F6-4B78-AD91-36765EAA6607}
	EndGlobalSection
EndGlobal
